
Microsoft Visual Studio Solution File, Format Version 12.00
# Visual Studio Version 17
VisualStudioVersion = 17.6.33723.286
MinimumVisualStudioVersion = 10.0.40219.1
Project("{FAE04EC0-301F-11D3-BF4B-00C04F79EFBC}") = "ChatterPlus", "ChatterPlus\ChatterPlus.csproj", "{660FCE68-791A-4DE8-8D56-36BB9D7D6F84}"
EndProject
Global
	GlobalSection(SolutionConfigurationPlatforms) = preSolution
		Debug|Any CPU = Debug|Any CPU
		Release|Any CPU = Release|Any CPU
	EndGlobalSection
	GlobalSection(ProjectConfigurationPlatforms) = postSolution
		{660FCE68-791A-4DE8-8D56-36BB9D7D6F84}.Debug|Any CPU.ActiveCfg = Debug|Any CPU
		{660FCE68-791A-4DE8-8D56-36BB9D7D6F84}.Debug|Any CPU.Build.0 = Debug|Any CPU
		{660FCE68-791A-4DE8-8D56-36BB9D7D6F84}.Release|Any CPU.ActiveCfg = Release|Any CPU
		{660FCE68-791A-4DE8-8D56-36BB9D7D6F84}.Release|Any CPU.Build.0 = Release|Any CPU
	EndGlobalSection
	GlobalSection(SolutionProperties) = preSolution
		HideSolutionNode = FALSE
	EndGlobalSection
	GlobalSection(ExtensibilityGlobals) = postSolution
		SolutionGuid = {B683926A-3D7E-43FF-B95A-C1A784933422}
	EndGlobalSection
EndGlobal
